
Microsoft Visual Studio Solution File, Format Version 12.00
# Visual Studio 15
VisualStudioVersion = 15.0.28307.1022
MinimumVisualStudioVersion = 10.0.40219.1
Project("{FAE04EC0-301F-11D3-BF4B-00C04F79EFBC}") = "GatewayDashboard", "GatewayDashboard\GatewayDashboard.csproj", "{6F4C2210-1BAE-4FB5-AD18-FE1F24A6A522}"
EndProject
Global
	GlobalSection(SolutionConfigurationPlatforms) = preSolution
		Debug|Any CPU = Debug|Any CPU
		Release|Any CPU = Release|Any CPU
	EndGlobalSection
	GlobalSection(ProjectConfigurationPlatforms) = postSolution
		{6F4C2210-1BAE-4FB5-AD18-FE1F24A6A522}.Debug|Any CPU.ActiveCfg = Debug|Any CPU
		{6F4C2210-1BAE-4FB5-AD18-FE1F24A6A522}.Debug|Any CPU.Build.0 = Debug|Any CPU
		{6F4C2210-1BAE-4FB5-AD18-FE1F24A6A522}.Release|Any CPU.ActiveCfg = Release|Any CPU
		{6F4C2210-1BAE-4FB5-AD18-FE1F24A6A522}.Release|Any CPU.Build.0 = Release|Any CPU
	EndGlobalSection
	GlobalSection(SolutionProperties) = preSolution
		HideSolutionNode = FALSE
	EndGlobalSection
	GlobalSection(ExtensibilityGlobals) = postSolution
		SolutionGuid = {6A3897F9-0212-44A6-988B-73554AFEAAE6}
	EndGlobalSection
EndGlobal
